
Microsoft Visual Studio Solution File, Format Version 12.00
# Visual Studio 14
VisualStudioVersion = 14.0.25420.1
MinimumVisualStudioVersion = 10.0.40219.1
Project("{FAE04EC0-301F-11D3-BF4B-00C04F79EFBC}") = "OTP.DataExporter", "OTP.DataExporter.csproj", "{9A9348C5-7802-4D7A-AC0C-E2BF5C218A28}"
EndProject
Global
	GlobalSection(SolutionConfigurationPlatforms) = preSolution
		Debug|x86 = Debug|x86
		Release|x86 = Release|x86
	EndGlobalSection
	GlobalSection(ProjectConfigurationPlatforms) = postSolution
		{9A9348C5-7802-4D7A-AC0C-E2BF5C218A28}.Debug|x86.ActiveCfg = Debug|x86
		{9A9348C5-7802-4D7A-AC0C-E2BF5C218A28}.Debug|x86.Build.0 = Debug|x86
		{9A9348C5-7802-4D7A-AC0C-E2BF5C218A28}.Release|x86.ActiveCfg = Release|x86
		{9A9348C5-7802-4D7A-AC0C-E2BF5C218A28}.Release|x86.Build.0 = Release|x86
	EndGlobalSection
	GlobalSection(SolutionProperties) = preSolution
		HideSolutionNode = FALSE
	EndGlobalSection
EndGlobal
